
Microsoft Visual Studio Solution File, Format Version 12.00
Project("{FAE04EC0-301F-11D3-BF4B-00C04F79EFBC}") = "WebAPI", "WebAPI\WebAPI.csproj", "{D44E5741-598D-41D5-87BF-20E916D6A6DD}"
EndProject
Project("{FAE04EC0-301F-11D3-BF4B-00C04F79EFBC}") = "DataAccessLayer", "DataAccessLayer\DataAccessLayer.csproj", "{9C2FC593-9588-4409-B482-46C0D29D2FBF}"
EndProject
Project("{FAE04EC0-301F-11D3-BF4B-00C04F79EFBC}") = "BusinessLogicLayer", "BusinessLogicLayer\BusinessLogicLayer.csproj", "{380758C4-4FE2-421F-BE1C-115ACAB4898A}"
EndProject
Project("{FAE04EC0-301F-11D3-BF4B-00C04F79EFBC}") = "BusinessLogicLayer.Tests", "BusinessLogicLayer.Tests\BusinessLogicLayer.Tests.csproj", "{B9A7DD2A-0A3B-4D3F-A8C2-49A9A9D45B27}"
EndProject
Global
	GlobalSection(SolutionConfigurationPlatforms) = preSolution
		Debug|Any CPU = Debug|Any CPU
		Release|Any CPU = Release|Any CPU
	EndGlobalSection
	GlobalSection(ProjectConfigurationPlatforms) = postSolution
		{D44E5741-598D-41D5-87BF-20E916D6A6DD}.Debug|Any CPU.ActiveCfg = Debug|Any CPU
		{D44E5741-598D-41D5-87BF-20E916D6A6DD}.Debug|Any CPU.Build.0 = Debug|Any CPU
		{D44E5741-598D-41D5-87BF-20E916D6A6DD}.Release|Any CPU.ActiveCfg = Release|Any CPU
		{D44E5741-598D-41D5-87BF-20E916D6A6DD}.Release|Any CPU.Build.0 = Release|Any CPU
		{9C2FC593-9588-4409-B482-46C0D29D2FBF}.Debug|Any CPU.ActiveCfg = Debug|Any CPU
		{9C2FC593-9588-4409-B482-46C0D29D2FBF}.Debug|Any CPU.Build.0 = Debug|Any CPU
		{9C2FC593-9588-4409-B482-46C0D29D2FBF}.Release|Any CPU.ActiveCfg = Release|Any CPU
		{9C2FC593-9588-4409-B482-46C0D29D2FBF}.Release|Any CPU.Build.0 = Release|Any CPU
		{380758C4-4FE2-421F-BE1C-115ACAB4898A}.Debug|Any CPU.ActiveCfg = Debug|Any CPU
		{380758C4-4FE2-421F-BE1C-115ACAB4898A}.Debug|Any CPU.Build.0 = Debug|Any CPU
		{380758C4-4FE2-421F-BE1C-115ACAB4898A}.Release|Any CPU.ActiveCfg = Release|Any CPU
		{380758C4-4FE2-421F-BE1C-115ACAB4898A}.Release|Any CPU.Build.0 = Release|Any CPU
		{B9A7DD2A-0A3B-4D3F-A8C2-49A9A9D45B27}.Debug|Any CPU.ActiveCfg = Debug|Any CPU
		{B9A7DD2A-0A3B-4D3F-A8C2-49A9A9D45B27}.Debug|Any CPU.Build.0 = Debug|Any CPU
		{B9A7DD2A-0A3B-4D3F-A8C2-49A9A9D45B27}.Release|Any CPU.ActiveCfg = Release|Any CPU
		{B9A7DD2A-0A3B-4D3F-A8C2-49A9A9D45B27}.Release|Any CPU.Build.0 = Release|Any CPU
	EndGlobalSection
EndGlobal
